
Microsoft Visual Studio Solution File, Format Version 12.00
# Visual Studio 2012
VisualStudioVersion = 12.0.40629.0
MinimumVisualStudioVersion = 10.0.40219.1
Project("{FAE04EC0-301F-11D3-BF4B-00C04F79EFBC}") = "Test.Console", "Test\Test.Console.csproj", "{4A8606C5-5A13-4C49-B8DE-760FA19A709A}"
EndProject
Project("{FAE04EC0-301F-11D3-BF4B-00C04F79EFBC}") = "Test.Droid", "Test.Droid\Test.Droid.csproj", "{7A51224D-A4E7-4DF4-B304-F438B74D7C4D}"
EndProject
Global
	GlobalSection(SolutionConfigurationPlatforms) = preSolution
		Debug|Any CPU = Debug|Any CPU
		Release|Any CPU = Release|Any CPU
	EndGlobalSection
	GlobalSection(ProjectConfigurationPlatforms) = postSolution
		{4A8606C5-5A13-4C49-B8DE-760FA19A709A}.Debug|Any CPU.ActiveCfg = Debug|Any CPU
		{4A8606C5-5A13-4C49-B8DE-760FA19A709A}.Debug|Any CPU.Build.0 = Debug|Any CPU
		{4A8606C5-5A13-4C49-B8DE-760FA19A709A}.Release|Any CPU.ActiveCfg = Release|Any CPU
		{4A8606C5-5A13-4C49-B8DE-760FA19A709A}.Release|Any CPU.Build.0 = Release|Any CPU
		{7A51224D-A4E7-4DF4-B304-F438B74D7C4D}.Debug|Any CPU.ActiveCfg = Debug|Any CPU
		{7A51224D-A4E7-4DF4-B304-F438B74D7C4D}.Debug|Any CPU.Build.0 = Debug|Any CPU
		{7A51224D-A4E7-4DF4-B304-F438B74D7C4D}.Debug|Any CPU.Deploy.0 = Debug|Any CPU
		{7A51224D-A4E7-4DF4-B304-F438B74D7C4D}.Release|Any CPU.ActiveCfg = Release|Any CPU
		{7A51224D-A4E7-4DF4-B304-F438B74D7C4D}.Release|Any CPU.Build.0 = Release|Any CPU
		{7A51224D-A4E7-4DF4-B304-F438B74D7C4D}.Release|Any CPU.Deploy.0 = Release|Any CPU
	EndGlobalSection
	GlobalSection(SolutionProperties) = preSolution
		HideSolutionNode = FALSE
	EndGlobalSection
EndGlobal
