
Microsoft Visual Studio Solution File, Format Version 12.00
# Visual Studio 2012
Project("{D954291E-2A0B-460D-934E-DC6B0785DB48}") = "MasterDetail", "MasterDetail\MasterDetail.shproj", "{ACC9D56E-BCF0-4D8D-A808-30DF5E3A5734}"
EndProject
Project("{FAE04EC0-301F-11D3-BF4B-00C04F79EFBC}") = "MasterDetail.iOS", "iOS\MasterDetail.iOS.csproj", "{8568136A-4531-4247-AB1D-2694E6C95747}"
EndProject
Project("{FAE04EC0-301F-11D3-BF4B-00C04F79EFBC}") = "MasterDetail.Android", "Android\MasterDetail.Android.csproj", "{CED917A6-21DC-4AFE-B804-6B58989566BE}"
EndProject
Global
	GlobalSection(SolutionConfigurationPlatforms) = preSolution
		Debug|iPhoneSimulator = Debug|iPhoneSimulator
		Release|iPhoneSimulator = Release|iPhoneSimulator
		Debug|iPhone = Debug|iPhone
		Release|iPhone = Release|iPhone
		Ad-Hoc|iPhone = Ad-Hoc|iPhone
		AppStore|iPhone = AppStore|iPhone
		Debug|Any CPU = Debug|Any CPU
		Release|Any CPU = Release|Any CPU
	EndGlobalSection
	GlobalSection(ProjectConfigurationPlatforms) = postSolution
		{8568136A-4531-4247-AB1D-2694E6C95747}.Ad-Hoc|iPhone.ActiveCfg = Ad-Hoc|iPhone
		{8568136A-4531-4247-AB1D-2694E6C95747}.Ad-Hoc|iPhone.Build.0 = Ad-Hoc|iPhone
		{8568136A-4531-4247-AB1D-2694E6C95747}.AppStore|iPhone.ActiveCfg = AppStore|iPhone
		{8568136A-4531-4247-AB1D-2694E6C95747}.AppStore|iPhone.Build.0 = AppStore|iPhone
		{8568136A-4531-4247-AB1D-2694E6C95747}.Debug|Any CPU.ActiveCfg = Debug|iPhoneSimulator
		{8568136A-4531-4247-AB1D-2694E6C95747}.Debug|Any CPU.Build.0 = Debug|iPhoneSimulator
		{8568136A-4531-4247-AB1D-2694E6C95747}.Debug|iPhone.ActiveCfg = Debug|iPhone
		{8568136A-4531-4247-AB1D-2694E6C95747}.Debug|iPhone.Build.0 = Debug|iPhone
		{8568136A-4531-4247-AB1D-2694E6C95747}.Debug|iPhoneSimulator.ActiveCfg = Debug|iPhoneSimulator
		{8568136A-4531-4247-AB1D-2694E6C95747}.Debug|iPhoneSimulator.Build.0 = Debug|iPhoneSimulator
		{8568136A-4531-4247-AB1D-2694E6C95747}.Release|Any CPU.ActiveCfg = Release|iPhoneSimulator
		{8568136A-4531-4247-AB1D-2694E6C95747}.Release|Any CPU.Build.0 = Release|iPhoneSimulator
		{8568136A-4531-4247-AB1D-2694E6C95747}.Release|iPhone.ActiveCfg = Release|iPhone
		{8568136A-4531-4247-AB1D-2694E6C95747}.Release|iPhone.Build.0 = Release|iPhone
		{8568136A-4531-4247-AB1D-2694E6C95747}.Release|iPhoneSimulator.ActiveCfg = Release|iPhoneSimulator
		{8568136A-4531-4247-AB1D-2694E6C95747}.Release|iPhoneSimulator.Build.0 = Release|iPhoneSimulator
		{CED917A6-21DC-4AFE-B804-6B58989566BE}.Ad-Hoc|iPhone.ActiveCfg = Release|Any CPU
		{CED917A6-21DC-4AFE-B804-6B58989566BE}.Ad-Hoc|iPhone.Build.0 = Release|Any CPU
		{CED917A6-21DC-4AFE-B804-6B58989566BE}.AppStore|iPhone.ActiveCfg = Release|Any CPU
		{CED917A6-21DC-4AFE-B804-6B58989566BE}.AppStore|iPhone.Build.0 = Release|Any CPU
		{CED917A6-21DC-4AFE-B804-6B58989566BE}.Debug|Any CPU.ActiveCfg = Debug|Any CPU
		{CED917A6-21DC-4AFE-B804-6B58989566BE}.Debug|Any CPU.Build.0 = Debug|Any CPU
		{CED917A6-21DC-4AFE-B804-6B58989566BE}.Debug|iPhone.ActiveCfg = Debug|Any CPU
		{CED917A6-21DC-4AFE-B804-6B58989566BE}.Debug|iPhone.Build.0 = Debug|Any CPU
		{CED917A6-21DC-4AFE-B804-6B58989566BE}.Debug|iPhoneSimulator.ActiveCfg = Debug|Any CPU
		{CED917A6-21DC-4AFE-B804-6B58989566BE}.Debug|iPhoneSimulator.Build.0 = Debug|Any CPU
		{CED917A6-21DC-4AFE-B804-6B58989566BE}.Release|Any CPU.ActiveCfg = Release|Any CPU
		{CED917A6-21DC-4AFE-B804-6B58989566BE}.Release|Any CPU.Build.0 = Release|Any CPU
		{CED917A6-21DC-4AFE-B804-6B58989566BE}.Release|iPhone.ActiveCfg = Release|Any CPU
		{CED917A6-21DC-4AFE-B804-6B58989566BE}.Release|iPhone.Build.0 = Release|Any CPU
		{CED917A6-21DC-4AFE-B804-6B58989566BE}.Release|iPhoneSimulator.ActiveCfg = Release|Any CPU
		{CED917A6-21DC-4AFE-B804-6B58989566BE}.Release|iPhoneSimulator.Build.0 = Release|Any CPU
	EndGlobalSection
EndGlobal
